
Microsoft Visual Studio Solution File, Format Version 12.00
# Visual Studio 14
VisualStudioVersion = 14.0.25123.0
MinimumVisualStudioVersion = 10.0.40219.1
Project("{FAE04EC0-301F-11D3-BF4B-00C04F79EFBC}") = "GoodideaWeb", "GoodideaWeb\GoodideaWeb.csproj", "{B9466B2A-B60E-4753-BAEC-DEFD10932BBF}"
EndProject
Project("{FAE04EC0-301F-11D3-BF4B-00C04F79EFBC}") = "GoodideaJsLib", "GoodideaJsLib\GoodideaJsLib.csproj", "{5F7B919B-1CD1-4E0C-9825-B70BF707F8DC}"
EndProject
Global
	GlobalSection(SolutionConfigurationPlatforms) = preSolution
		Debug|Any CPU = Debug|Any CPU
		Release|Any CPU = Release|Any CPU
	EndGlobalSection
	GlobalSection(ProjectConfigurationPlatforms) = postSolution
		{B9466B2A-B60E-4753-BAEC-DEFD10932BBF}.Debug|Any CPU.ActiveCfg = Debug|Any CPU
		{B9466B2A-B60E-4753-BAEC-DEFD10932BBF}.Debug|Any CPU.Build.0 = Debug|Any CPU
		{B9466B2A-B60E-4753-BAEC-DEFD10932BBF}.Release|Any CPU.ActiveCfg = Release|Any CPU
		{B9466B2A-B60E-4753-BAEC-DEFD10932BBF}.Release|Any CPU.Build.0 = Release|Any CPU
		{5F7B919B-1CD1-4E0C-9825-B70BF707F8DC}.Debug|Any CPU.ActiveCfg = Debug|Any CPU
		{5F7B919B-1CD1-4E0C-9825-B70BF707F8DC}.Debug|Any CPU.Build.0 = Debug|Any CPU
		{5F7B919B-1CD1-4E0C-9825-B70BF707F8DC}.Release|Any CPU.ActiveCfg = Release|Any CPU
		{5F7B919B-1CD1-4E0C-9825-B70BF707F8DC}.Release|Any CPU.Build.0 = Release|Any CPU
	EndGlobalSection
	GlobalSection(SolutionProperties) = preSolution
		HideSolutionNode = FALSE
	EndGlobalSection
EndGlobal
